
Microsoft Visual Studio Solution File, Format Version 12.00
# Visual Studio Version 17
VisualStudioVersion = 17.10.34804.81
MinimumVisualStudioVersion = 10.0.40219.1
Project("{FAE04EC0-301F-11D3-BF4B-00C04F79EFBC}") = "lab2", "lab2.csproj", "{799BF8BD-DD9E-4FA6-B655-55006BF1F275}"
EndProject
Global
	GlobalSection(SolutionConfigurationPlatforms) = preSolution
		Debug|Any CPU = Debug|Any CPU
		Release|Any CPU = Release|Any CPU
	EndGlobalSection
	GlobalSection(ProjectConfigurationPlatforms) = postSolution
		{799BF8BD-DD9E-4FA6-B655-55006BF1F275}.Debug|Any CPU.ActiveCfg = Debug|Any CPU
		{799BF8BD-DD9E-4FA6-B655-55006BF1F275}.Debug|Any CPU.Build.0 = Debug|Any CPU
		{799BF8BD-DD9E-4FA6-B655-55006BF1F275}.Release|Any CPU.ActiveCfg = Release|Any CPU
		{799BF8BD-DD9E-4FA6-B655-55006BF1F275}.Release|Any CPU.Build.0 = Release|Any CPU
	EndGlobalSection
	GlobalSection(SolutionProperties) = preSolution
		HideSolutionNode = FALSE
	EndGlobalSection
	GlobalSection(ExtensibilityGlobals) = postSolution
		SolutionGuid = {4CD4628A-307E-41E7-AAB3-A5FC61CE9F12}
	EndGlobalSection
EndGlobal
